
Microsoft Visual Studio Solution File, Format Version 12.00
# Visual Studio Version 16
VisualStudioVersion = 16.0.31205.134
MinimumVisualStudioVersion = 10.0.40219.1
Project("{FAE04EC0-301F-11D3-BF4B-00C04F79EFBC}") = "Contact Tracing", "Contact Tracing\Contact Tracing.csproj", "{7F6723EE-4C37-494C-8D86-C030A0551895}"
EndProject
Global
	GlobalSection(SolutionConfigurationPlatforms) = preSolution
		Debug|Any CPU = Debug|Any CPU
		Release|Any CPU = Release|Any CPU
	EndGlobalSection
	GlobalSection(ProjectConfigurationPlatforms) = postSolution
		{7F6723EE-4C37-494C-8D86-C030A0551895}.Debug|Any CPU.ActiveCfg = Debug|Any CPU
		{7F6723EE-4C37-494C-8D86-C030A0551895}.Debug|Any CPU.Build.0 = Debug|Any CPU
		{7F6723EE-4C37-494C-8D86-C030A0551895}.Release|Any CPU.ActiveCfg = Release|Any CPU
		{7F6723EE-4C37-494C-8D86-C030A0551895}.Release|Any CPU.Build.0 = Release|Any CPU
	EndGlobalSection
	GlobalSection(SolutionProperties) = preSolution
		HideSolutionNode = FALSE
	EndGlobalSection
	GlobalSection(ExtensibilityGlobals) = postSolution
		SolutionGuid = {2DE63F78-BC9D-49D4-92D6-9E99F49DB777}
	EndGlobalSection
EndGlobal
